
Microsoft Visual Studio Solution File, Format Version 12.00
# Visual Studio Version 17
VisualStudioVersion = 17.9.34714.143
MinimumVisualStudioVersion = 10.0.40219.1
Project("{FAE04EC0-301F-11D3-BF4B-00C04F79EFBC}") = "Lab10", "Lab10\Lab10.csproj", "{667FD2DC-06EE-4867-AA72-DE792FC247CC}"
EndProject
Global
	GlobalSection(SolutionConfigurationPlatforms) = preSolution
		Debug|Any CPU = Debug|Any CPU
		Release|Any CPU = Release|Any CPU
	EndGlobalSection
	GlobalSection(ProjectConfigurationPlatforms) = postSolution
		{667FD2DC-06EE-4867-AA72-DE792FC247CC}.Debug|Any CPU.ActiveCfg = Debug|Any CPU
		{667FD2DC-06EE-4867-AA72-DE792FC247CC}.Debug|Any CPU.Build.0 = Debug|Any CPU
		{667FD2DC-06EE-4867-AA72-DE792FC247CC}.Release|Any CPU.ActiveCfg = Release|Any CPU
		{667FD2DC-06EE-4867-AA72-DE792FC247CC}.Release|Any CPU.Build.0 = Release|Any CPU
	EndGlobalSection
	GlobalSection(SolutionProperties) = preSolution
		HideSolutionNode = FALSE
	EndGlobalSection
	GlobalSection(ExtensibilityGlobals) = postSolution
		SolutionGuid = {AA304FE5-8AF5-46E8-BA7A-F919A7797DF4}
	EndGlobalSection
EndGlobal
